
Microsoft Visual Studio Solution File, Format Version 12.00
Project("{FAE04EC0-301F-11D3-BF4B-00C04F79EFBC}") = "WebApp", "WebApp\WebApp.csproj", "{44C65B24-8195-4E7B-BA9E-0933140EFB49}"
EndProject
Project("{2150E333-8FDC-42A3-9474-1A3956D46DE8}") = "!Solution Items", "!Solution Items", "{CCB00EA2-8059-4AA1-B0DE-A2F423F6F387}"
	ProjectSection(SolutionItems) = preProject
		.gitignore = .gitignore
		README.md = README.md
		README-TECH.md = README-TECH.md
		Directory.Build.props = Directory.Build.props
	EndProjectSection
EndProject
Project("{FAE04EC0-301F-11D3-BF4B-00C04F79EFBC}") = "App.DAL.EF", "App.DAL.EF\App.DAL.EF.csproj", "{3A5E37BC-A5CB-4358-AAF4-C8984F515F31}"
EndProject
Project("{FAE04EC0-301F-11D3-BF4B-00C04F79EFBC}") = "App.BLL", "App.BLL\App.BLL.csproj", "{A668F9B6-9C89-49CA-A5BF-9D2C9276B22A}"
EndProject
Project("{FAE04EC0-301F-11D3-BF4B-00C04F79EFBC}") = "App.Resources", "App.Resources\App.Resources.csproj", "{8072C667-E37A-4112-ADB6-0C61B6130F28}"
EndProject
Project("{FAE04EC0-301F-11D3-BF4B-00C04F79EFBC}") = "App.DTO", "App.DTO\App.DTO.csproj", "{0182BB6E-8305-41D3-BEF9-90CD9231F2E5}"
EndProject
Project("{FAE04EC0-301F-11D3-BF4B-00C04F79EFBC}") = "WebApp.Tests", "WebApp.Tests\WebApp.Tests.csproj", "{C12277A1-86AF-4222-8032-655D33DDC5A4}"
EndProject
Project("{FAE04EC0-301F-11D3-BF4B-00C04F79EFBC}") = "App.Helpers", "App.Helpers\App.Helpers.csproj", "{391DAF12-5C8B-4AF1-ABF3-CD786DB0559F}"
EndProject
Project("{FAE04EC0-301F-11D3-BF4B-00C04F79EFBC}") = "Base.Resources", "Base.Resources\Base.Resources.csproj", "{EF24A885-7974-480C-903D-7A38504FE355}"
EndProject
Project("{2150E333-8FDC-42A3-9474-1A3956D46DE8}") = "Solution Items", "Solution Items", "{7D2C424E-EA46-4464-A97C-873B912F3FA7}"
	ProjectSection(SolutionItems) = preProject
		compose.yaml = compose.yaml
	EndProjectSection
EndProject
Project("{FAE04EC0-301F-11D3-BF4B-00C04F79EFBC}") = "App.Modules.Equipment", "App.Modules.Equipment\App.Modules.Equipment.csproj", "{E4BA6D54-F21A-48D0-B18F-0788D37FE035}"
EndProject
Project("{FAE04EC0-301F-11D3-BF4B-00C04F79EFBC}") = "App.Shared", "App.Shared\App.Shared.csproj", "{BBE0AD32-F9F4-4BF8-B005-EC7208FB58C3}"
EndProject
Project("{2150E333-8FDC-42A3-9474-1A3956D46DE8}") = "Web", "Web", "{DF9A6505-542E-4D29-BABE-E66A830EC01B}"
EndProject
Project("{2150E333-8FDC-42A3-9474-1A3956D46DE8}") = "Modules", "Modules", "{1E2B0618-5A9D-4DC0-827A-F76C468FFA16}"
EndProject
Project("{2150E333-8FDC-42A3-9474-1A3956D46DE8}") = "Shared", "Shared", "{975792B1-C869-4F20-A21E-F7EF5611A30B}"
EndProject
Project("{2150E333-8FDC-42A3-9474-1A3956D46DE8}") = "Core", "Core", "{FC741426-1F57-41C0-B0E9-BF72D46D1DA6}"
EndProject
Project("{2150E333-8FDC-42A3-9474-1A3956D46DE8}") = "Tests", "Tests", "{D5173BB1-4586-4FD2-8453-F438C739C0B8}"
EndProject
Project("{FAE04EC0-301F-11D3-BF4B-00C04F79EFBC}") = "App.Modules.Identity", "App.Modules.Identity\App.Modules.Identity.csproj", "{E8A8F07D-7262-433D-84DB-C20D1B246A5C}"
EndProject
Project("{FAE04EC0-301F-11D3-BF4B-00C04F79EFBC}") = "App.Modules.Lab", "App.Modules.Lab\App.Modules.Lab.csproj", "{449AC8F7-44B2-4165-845E-951C87A099AD}"
EndProject
Project("{FAE04EC0-301F-11D3-BF4B-00C04F79EFBC}") = "App.Modules.Institute", "App.Modules.Institute\App.Modules.Institute.csproj", "{0563A54F-4EF3-4B59-95DF-86DB2C80735F}"
EndProject
Project("{FAE04EC0-301F-11D3-BF4B-00C04F79EFBC}") = "App.Modules.Reagant", "App.Modules.Reagant\App.Modules.Reagant.csproj", "{A14612F6-7B68-4123-BF31-DF9A2F94E98D}"
EndProject
Project("{FAE04EC0-301F-11D3-BF4B-00C04F79EFBC}") = "App.Modules.Experiment", "App.Modules.Experiment\App.Modules.Experiment.csproj", "{6DF3121F-D5C3-4ECC-8C04-73CC492F9C27}"
EndProject
Project("{FAE04EC0-301F-11D3-BF4B-00C04F79EFBC}") = "App.Modules.Project", "App.Modules.Project\App.Modules.Project.csproj", "{FBDF2384-E8AA-4645-82D1-922CBB7AD667}"
EndProject
Project("{FAE04EC0-301F-11D3-BF4B-00C04F79EFBC}") = "App.Modules.Audit", "App.Modules.Audit\App.Modules.Audit.csproj", "{247367C7-691E-4F77-BF74-0F6FE7EA22F5}"
EndProject
Global
	GlobalSection(SolutionConfigurationPlatforms) = preSolution
		Debug|Any CPU = Debug|Any CPU
		Release|Any CPU = Release|Any CPU
	EndGlobalSection
	GlobalSection(ProjectConfigurationPlatforms) = postSolution
		{44C65B24-8195-4E7B-BA9E-0933140EFB49}.Debug|Any CPU.ActiveCfg = Debug|Any CPU
		{44C65B24-8195-4E7B-BA9E-0933140EFB49}.Debug|Any CPU.Build.0 = Debug|Any CPU
		{44C65B24-8195-4E7B-BA9E-0933140EFB49}.Release|Any CPU.ActiveCfg = Release|Any CPU
		{44C65B24-8195-4E7B-BA9E-0933140EFB49}.Release|Any CPU.Build.0 = Release|Any CPU
		{3A5E37BC-A5CB-4358-AAF4-C8984F515F31}.Debug|Any CPU.ActiveCfg = Debug|Any CPU
		{3A5E37BC-A5CB-4358-AAF4-C8984F515F31}.Debug|Any CPU.Build.0 = Debug|Any CPU
		{3A5E37BC-A5CB-4358-AAF4-C8984F515F31}.Release|Any CPU.ActiveCfg = Release|Any CPU
		{3A5E37BC-A5CB-4358-AAF4-C8984F515F31}.Release|Any CPU.Build.0 = Release|Any CPU
		{A668F9B6-9C89-49CA-A5BF-9D2C9276B22A}.Debug|Any CPU.ActiveCfg = Debug|Any CPU
		{A668F9B6-9C89-49CA-A5BF-9D2C9276B22A}.Debug|Any CPU.Build.0 = Debug|Any CPU
		{A668F9B6-9C89-49CA-A5BF-9D2C9276B22A}.Release|Any CPU.ActiveCfg = Release|Any CPU
		{A668F9B6-9C89-49CA-A5BF-9D2C9276B22A}.Release|Any CPU.Build.0 = Release|Any CPU
		{8072C667-E37A-4112-ADB6-0C61B6130F28}.Debug|Any CPU.ActiveCfg = Debug|Any CPU
		{8072C667-E37A-4112-ADB6-0C61B6130F28}.Debug|Any CPU.Build.0 = Debug|Any CPU
		{8072C667-E37A-4112-ADB6-0C61B6130F28}.Release|Any CPU.ActiveCfg = Release|Any CPU
		{8072C667-E37A-4112-ADB6-0C61B6130F28}.Release|Any CPU.Build.0 = Release|Any CPU
		{0182BB6E-8305-41D3-BEF9-90CD9231F2E5}.Debug|Any CPU.ActiveCfg = Debug|Any CPU
		{0182BB6E-8305-41D3-BEF9-90CD9231F2E5}.Debug|Any CPU.Build.0 = Debug|Any CPU
		{0182BB6E-8305-41D3-BEF9-90CD9231F2E5}.Release|Any CPU.ActiveCfg = Release|Any CPU
		{0182BB6E-8305-41D3-BEF9-90CD9231F2E5}.Release|Any CPU.Build.0 = Release|Any CPU
		{C12277A1-86AF-4222-8032-655D33DDC5A4}.Debug|Any CPU.ActiveCfg = Debug|Any CPU
		{C12277A1-86AF-4222-8032-655D33DDC5A4}.Debug|Any CPU.Build.0 = Debug|Any CPU
		{C12277A1-86AF-4222-8032-655D33DDC5A4}.Release|Any CPU.ActiveCfg = Release|Any CPU
		{C12277A1-86AF-4222-8032-655D33DDC5A4}.Release|Any CPU.Build.0 = Release|Any CPU
		{391DAF12-5C8B-4AF1-ABF3-CD786DB0559F}.Debug|Any CPU.ActiveCfg = Debug|Any CPU
		{391DAF12-5C8B-4AF1-ABF3-CD786DB0559F}.Debug|Any CPU.Build.0 = Debug|Any CPU
		{391DAF12-5C8B-4AF1-ABF3-CD786DB0559F}.Release|Any CPU.ActiveCfg = Release|Any CPU
		{391DAF12-5C8B-4AF1-ABF3-CD786DB0559F}.Release|Any CPU.Build.0 = Release|Any CPU
		{EF24A885-7974-480C-903D-7A38504FE355}.Debug|Any CPU.ActiveCfg = Debug|Any CPU
		{EF24A885-7974-480C-903D-7A38504FE355}.Debug|Any CPU.Build.0 = Debug|Any CPU
		{EF24A885-7974-480C-903D-7A38504FE355}.Release|Any CPU.ActiveCfg = Release|Any CPU
		{EF24A885-7974-480C-903D-7A38504FE355}.Release|Any CPU.Build.0 = Release|Any CPU
		{E4BA6D54-F21A-48D0-B18F-0788D37FE035}.Debug|Any CPU.ActiveCfg = Debug|Any CPU
		{E4BA6D54-F21A-48D0-B18F-0788D37FE035}.Debug|Any CPU.Build.0 = Debug|Any CPU
		{E4BA6D54-F21A-48D0-B18F-0788D37FE035}.Release|Any CPU.ActiveCfg = Release|Any CPU
		{E4BA6D54-F21A-48D0-B18F-0788D37FE035}.Release|Any CPU.Build.0 = Release|Any CPU
		{BBE0AD32-F9F4-4BF8-B005-EC7208FB58C3}.Debug|Any CPU.ActiveCfg = Debug|Any CPU
		{BBE0AD32-F9F4-4BF8-B005-EC7208FB58C3}.Debug|Any CPU.Build.0 = Debug|Any CPU
		{BBE0AD32-F9F4-4BF8-B005-EC7208FB58C3}.Release|Any CPU.ActiveCfg = Release|Any CPU
		{BBE0AD32-F9F4-4BF8-B005-EC7208FB58C3}.Release|Any CPU.Build.0 = Release|Any CPU
		{E8A8F07D-7262-433D-84DB-C20D1B246A5C}.Debug|Any CPU.ActiveCfg = Debug|Any CPU
		{E8A8F07D-7262-433D-84DB-C20D1B246A5C}.Debug|Any CPU.Build.0 = Debug|Any CPU
		{E8A8F07D-7262-433D-84DB-C20D1B246A5C}.Release|Any CPU.ActiveCfg = Release|Any CPU
		{E8A8F07D-7262-433D-84DB-C20D1B246A5C}.Release|Any CPU.Build.0 = Release|Any CPU
		{449AC8F7-44B2-4165-845E-951C87A099AD}.Debug|Any CPU.ActiveCfg = Debug|Any CPU
		{449AC8F7-44B2-4165-845E-951C87A099AD}.Debug|Any CPU.Build.0 = Debug|Any CPU
		{449AC8F7-44B2-4165-845E-951C87A099AD}.Release|Any CPU.ActiveCfg = Release|Any CPU
		{449AC8F7-44B2-4165-845E-951C87A099AD}.Release|Any CPU.Build.0 = Release|Any CPU
		{0563A54F-4EF3-4B59-95DF-86DB2C80735F}.Debug|Any CPU.ActiveCfg = Debug|Any CPU
		{0563A54F-4EF3-4B59-95DF-86DB2C80735F}.Debug|Any CPU.Build.0 = Debug|Any CPU
		{0563A54F-4EF3-4B59-95DF-86DB2C80735F}.Release|Any CPU.ActiveCfg = Release|Any CPU
		{0563A54F-4EF3-4B59-95DF-86DB2C80735F}.Release|Any CPU.Build.0 = Release|Any CPU
		{A14612F6-7B68-4123-BF31-DF9A2F94E98D}.Debug|Any CPU.ActiveCfg = Debug|Any CPU
		{A14612F6-7B68-4123-BF31-DF9A2F94E98D}.Debug|Any CPU.Build.0 = Debug|Any CPU
		{A14612F6-7B68-4123-BF31-DF9A2F94E98D}.Release|Any CPU.ActiveCfg = Release|Any CPU
		{A14612F6-7B68-4123-BF31-DF9A2F94E98D}.Release|Any CPU.Build.0 = Release|Any CPU
		{6DF3121F-D5C3-4ECC-8C04-73CC492F9C27}.Debug|Any CPU.ActiveCfg = Debug|Any CPU
		{6DF3121F-D5C3-4ECC-8C04-73CC492F9C27}.Debug|Any CPU.Build.0 = Debug|Any CPU
		{6DF3121F-D5C3-4ECC-8C04-73CC492F9C27}.Release|Any CPU.ActiveCfg = Release|Any CPU
		{6DF3121F-D5C3-4ECC-8C04-73CC492F9C27}.Release|Any CPU.Build.0 = Release|Any CPU
		{FBDF2384-E8AA-4645-82D1-922CBB7AD667}.Debug|Any CPU.ActiveCfg = Debug|Any CPU
		{FBDF2384-E8AA-4645-82D1-922CBB7AD667}.Debug|Any CPU.Build.0 = Debug|Any CPU
		{FBDF2384-E8AA-4645-82D1-922CBB7AD667}.Release|Any CPU.ActiveCfg = Release|Any CPU
		{FBDF2384-E8AA-4645-82D1-922CBB7AD667}.Release|Any CPU.Build.0 = Release|Any CPU
		{247367C7-691E-4F77-BF74-0F6FE7EA22F5}.Debug|Any CPU.ActiveCfg = Debug|Any CPU
		{247367C7-691E-4F77-BF74-0F6FE7EA22F5}.Debug|Any CPU.Build.0 = Debug|Any CPU
		{247367C7-691E-4F77-BF74-0F6FE7EA22F5}.Release|Any CPU.ActiveCfg = Release|Any CPU
		{247367C7-691E-4F77-BF74-0F6FE7EA22F5}.Release|Any CPU.Build.0 = Release|Any CPU
	EndGlobalSection
	GlobalSection(NestedProjects) = preSolution
		{44C65B24-8195-4E7B-BA9E-0933140EFB49} = {DF9A6505-542E-4D29-BABE-E66A830EC01B}
		{E4BA6D54-F21A-48D0-B18F-0788D37FE035} = {1E2B0618-5A9D-4DC0-827A-F76C468FFA16}
		{BBE0AD32-F9F4-4BF8-B005-EC7208FB58C3} = {975792B1-C869-4F20-A21E-F7EF5611A30B}
		{391DAF12-5C8B-4AF1-ABF3-CD786DB0559F} = {975792B1-C869-4F20-A21E-F7EF5611A30B}
		{8072C667-E37A-4112-ADB6-0C61B6130F28} = {975792B1-C869-4F20-A21E-F7EF5611A30B}
		{EF24A885-7974-480C-903D-7A38504FE355} = {975792B1-C869-4F20-A21E-F7EF5611A30B}
		{A668F9B6-9C89-49CA-A5BF-9D2C9276B22A} = {FC741426-1F57-41C0-B0E9-BF72D46D1DA6}
		{3A5E37BC-A5CB-4358-AAF4-C8984F515F31} = {FC741426-1F57-41C0-B0E9-BF72D46D1DA6}
		{0182BB6E-8305-41D3-BEF9-90CD9231F2E5} = {FC741426-1F57-41C0-B0E9-BF72D46D1DA6}
		{C12277A1-86AF-4222-8032-655D33DDC5A4} = {D5173BB1-4586-4FD2-8453-F438C739C0B8}
		{E8A8F07D-7262-433D-84DB-C20D1B246A5C} = {1E2B0618-5A9D-4DC0-827A-F76C468FFA16}
		{449AC8F7-44B2-4165-845E-951C87A099AD} = {1E2B0618-5A9D-4DC0-827A-F76C468FFA16}
		{0563A54F-4EF3-4B59-95DF-86DB2C80735F} = {1E2B0618-5A9D-4DC0-827A-F76C468FFA16}
		{A14612F6-7B68-4123-BF31-DF9A2F94E98D} = {1E2B0618-5A9D-4DC0-827A-F76C468FFA16}
		{6DF3121F-D5C3-4ECC-8C04-73CC492F9C27} = {1E2B0618-5A9D-4DC0-827A-F76C468FFA16}
		{FBDF2384-E8AA-4645-82D1-922CBB7AD667} = {1E2B0618-5A9D-4DC0-827A-F76C468FFA16}
		{247367C7-691E-4F77-BF74-0F6FE7EA22F5} = {1E2B0618-5A9D-4DC0-827A-F76C468FFA16}
	EndGlobalSection
EndGlobal
